{"1.1.0",
[{<<"ctdh">>,
  {git,"https://github.com/egobrain/ctdh.git",
       {ref,"3ef24e851a99e51aea5f5aa987c0273d52bb8211"}},
  0},
 {<<"dlss">>,
  {git,"https://github.com/vzroman/dlss.git",
       {ref,"edb526ce1363c4ecafa72172697c9b5cf640d46e"}},
  0},
 {<<"eleveldb">>,
  {git,"https://github.com/basho/eleveldb.git",
       {ref,"7920245fd112d2ab5c6416cf827c8f0f82b6530c"}},
  2},
 {<<"goldrush">>,{pkg,<<"goldrush">>,<<"0.1.9">>},1},
 {<<"lager">>,
  {git,"https://github.com/erlang-lager/lager.git",
       {ref,"22e62f28e5afabe90a6f31bcde367a2b5799fc94"}},
  0},
 {<<"meck">>,
  {git,"https://github.com/eproxus/meck.git",
       {ref,"f64f8518a779036b8876929000381c88ac2303a9"}},
  0},
 {<<"mnesia_eleveldb">>,
  {git,"https://github.com/vzroman/mnesia_eleveldb.git",
       {ref,"f2604c5e190a3cbf8d47b704ad8ff2fb2142d908"}},
  1},
 {<<"proper">>,
  {git,"https://github.com/manopapad/proper.git",
       {ref,"3ddeeff16ea66b88c1397b7648601125cb3ee76d"}},
  2}]}.
[
{pkg_hash,[
 {<<"goldrush">>, <<"F06E5D5F1277DA5C413E84D5A2924174182FB108DABB39D5EC548B27424CD106">>}]}
].
